
Microsoft Visual Studio Solution File, Format Version 12.00
# Visual Studio Version 16
VisualStudioVersion = 16.0.30907.101
MinimumVisualStudioVersion = 10.0.40219.1
Project("{FAE04EC0-301F-11D3-BF4B-00C04F79EFBC}") = "AirAmboAttempt01", "AirAmboAttempt01\AirAmboAttempt01.csproj", "{E06699F7-84CE-4B6E-A4E6-BBC5B99AC251}"
EndProject
Project("{FAE04EC0-301F-11D3-BF4B-00C04F79EFBC}") = "AirAmboAttempt01Test", "AirAmboAttempt01Test\AirAmboAttempt01Test.csproj", "{FE04E7AA-88F1-40BB-A27A-2F66344689F7}"
EndProject
Global
	GlobalSection(SolutionConfigurationPlatforms) = preSolution
		Debug|Any CPU = Debug|Any CPU
		Release|Any CPU = Release|Any CPU
	EndGlobalSection
	GlobalSection(ProjectConfigurationPlatforms) = postSolution
		{E06699F7-84CE-4B6E-A4E6-BBC5B99AC251}.Debug|Any CPU.ActiveCfg = Debug|Any CPU
		{E06699F7-84CE-4B6E-A4E6-BBC5B99AC251}.Debug|Any CPU.Build.0 = Debug|Any CPU
		{E06699F7-84CE-4B6E-A4E6-BBC5B99AC251}.Release|Any CPU.ActiveCfg = Release|Any CPU
		{E06699F7-84CE-4B6E-A4E6-BBC5B99AC251}.Release|Any CPU.Build.0 = Release|Any CPU
		{FE04E7AA-88F1-40BB-A27A-2F66344689F7}.Debug|Any CPU.ActiveCfg = Debug|Any CPU
		{FE04E7AA-88F1-40BB-A27A-2F66344689F7}.Debug|Any CPU.Build.0 = Debug|Any CPU
		{FE04E7AA-88F1-40BB-A27A-2F66344689F7}.Release|Any CPU.ActiveCfg = Release|Any CPU
		{FE04E7AA-88F1-40BB-A27A-2F66344689F7}.Release|Any CPU.Build.0 = Release|Any CPU
	EndGlobalSection
	GlobalSection(SolutionProperties) = preSolution
		HideSolutionNode = FALSE
	EndGlobalSection
	GlobalSection(ExtensibilityGlobals) = postSolution
		SolutionGuid = {CA0FC8FF-8C2E-4A25-9A8F-3C9860F5AF30}
	EndGlobalSection
EndGlobal
